
Microsoft Visual Studio Solution File, Format Version 12.00
# Visual Studio 15
VisualStudioVersion = 15.0.27703.2047
MinimumVisualStudioVersion = 10.0.40219.1
Project("{FAE04EC0-301F-11D3-BF4B-00C04F79EFBC}") = "Entidades", "Entidades\Entidades.csproj", "{509D6A47-F927-4264-8CA7-BDC3AF047243}"
EndProject
Project("{FAE04EC0-301F-11D3-BF4B-00C04F79EFBC}") = "EntidadesTest", "EntidadesTest\EntidadesTest.csproj", "{819869B3-07CC-4407-BF88-F7AFB8A1F8C6}"
EndProject
Global
	GlobalSection(SolutionConfigurationPlatforms) = preSolution
		Debug|Any CPU = Debug|Any CPU
		Release|Any CPU = Release|Any CPU
	EndGlobalSection
	GlobalSection(ProjectConfigurationPlatforms) = postSolution
		{509D6A47-F927-4264-8CA7-BDC3AF047243}.Debug|Any CPU.ActiveCfg = Debug|Any CPU
		{509D6A47-F927-4264-8CA7-BDC3AF047243}.Debug|Any CPU.Build.0 = Debug|Any CPU
		{509D6A47-F927-4264-8CA7-BDC3AF047243}.Release|Any CPU.ActiveCfg = Release|Any CPU
		{509D6A47-F927-4264-8CA7-BDC3AF047243}.Release|Any CPU.Build.0 = Release|Any CPU
		{819869B3-07CC-4407-BF88-F7AFB8A1F8C6}.Debug|Any CPU.ActiveCfg = Debug|Any CPU
		{819869B3-07CC-4407-BF88-F7AFB8A1F8C6}.Debug|Any CPU.Build.0 = Debug|Any CPU
		{819869B3-07CC-4407-BF88-F7AFB8A1F8C6}.Release|Any CPU.ActiveCfg = Release|Any CPU
		{819869B3-07CC-4407-BF88-F7AFB8A1F8C6}.Release|Any CPU.Build.0 = Release|Any CPU
	EndGlobalSection
	GlobalSection(SolutionProperties) = preSolution
		HideSolutionNode = FALSE
	EndGlobalSection
	GlobalSection(ExtensibilityGlobals) = postSolution
		SolutionGuid = {8F7A4592-3DC9-4FB4-8F86-F8CA24AC9915}
	EndGlobalSection
EndGlobal
